
Microsoft Visual Studio Solution File, Format Version 12.00
# Visual Studio Version 17
VisualStudioVersion = 17.0.31912.275
MinimumVisualStudioVersion = 10.0.40219.1
Project("{8BC9CEB8-8B4A-11D0-8D11-00A0C91BC942}") = "RemoteCtrl", "RemoteCtrl\RemoteCtrl.vcxproj", "{D8B86F4C-8DE7-4647-9401-9A056A7E1D14}"
EndProject
Project("{8BC9CEB8-8B4A-11D0-8D11-00A0C91BC942}") = "RemoteClient", "RemoteClient\RemoteClient.vcxproj", "{D5FC13B4-3A82-4950-AA3F-02C311F3FA5A}"
EndProject
Global
	GlobalSection(SolutionConfigurationPlatforms) = preSolution
		Debug|x64 = Debug|x64
		Debug|x86 = Debug|x86
		Release|x64 = Release|x64
		Release|x86 = Release|x86
	EndGlobalSection
	GlobalSection(ProjectConfigurationPlatforms) = postSolution
		{D8B86F4C-8DE7-4647-9401-9A056A7E1D14}.Debug|x64.ActiveCfg = Debug|x64
		{D8B86F4C-8DE7-4647-9401-9A056A7E1D14}.Debug|x64.Build.0 = Debug|x64
		{D8B86F4C-8DE7-4647-9401-9A056A7E1D14}.Debug|x86.ActiveCfg = Debug|Win32
		{D8B86F4C-8DE7-4647-9401-9A056A7E1D14}.Debug|x86.Build.0 = Debug|Win32
		{D8B86F4C-8DE7-4647-9401-9A056A7E1D14}.Release|x64.ActiveCfg = Release|x64
		{D8B86F4C-8DE7-4647-9401-9A056A7E1D14}.Release|x64.Build.0 = Release|x64
		{D8B86F4C-8DE7-4647-9401-9A056A7E1D14}.Release|x86.ActiveCfg = Release|Win32
		{D8B86F4C-8DE7-4647-9401-9A056A7E1D14}.Release|x86.Build.0 = Release|Win32
		{D5FC13B4-3A82-4950-AA3F-02C311F3FA5A}.Debug|x64.ActiveCfg = Debug|x64
		{D5FC13B4-3A82-4950-AA3F-02C311F3FA5A}.Debug|x64.Build.0 = Debug|x64
		{D5FC13B4-3A82-4950-AA3F-02C311F3FA5A}.Debug|x86.ActiveCfg = Debug|Win32
		{D5FC13B4-3A82-4950-AA3F-02C311F3FA5A}.Debug|x86.Build.0 = Debug|Win32
		{D5FC13B4-3A82-4950-AA3F-02C311F3FA5A}.Release|x64.ActiveCfg = Release|x64
		{D5FC13B4-3A82-4950-AA3F-02C311F3FA5A}.Release|x64.Build.0 = Release|x64
		{D5FC13B4-3A82-4950-AA3F-02C311F3FA5A}.Release|x86.ActiveCfg = Release|Win32
		{D5FC13B4-3A82-4950-AA3F-02C311F3FA5A}.Release|x86.Build.0 = Release|Win32
	EndGlobalSection
	GlobalSection(SolutionProperties) = preSolution
		HideSolutionNode = FALSE
	EndGlobalSection
	GlobalSection(ExtensibilityGlobals) = postSolution
		SolutionGuid = {BA94D1AF-97FE-46BE-BE76-D0B34D5F0A86}
	EndGlobalSection
EndGlobal
